
Microsoft Visual Studio Solution File, Format Version 12.00
# Visual Studio Version 17
VisualStudioVersion = 17.5.002.0
MinimumVisualStudioVersion = 10.0.40219.1
Project("{9A19103F-16F7-4668-BE54-9A1E7A4F7556}") = "GitTest", "GitTest.csproj", "{16AF9C0D-A473-4827-A5EF-2FE98CC4E477}"
EndProject
Global
	GlobalSection(SolutionConfigurationPlatforms) = preSolution
		Debug|Any CPU = Debug|Any CPU
		Release|Any CPU = Release|Any CPU
	EndGlobalSection
	GlobalSection(ProjectConfigurationPlatforms) = postSolution
		{16AF9C0D-A473-4827-A5EF-2FE98CC4E477}.Debug|Any CPU.ActiveCfg = Debug|Any CPU
		{16AF9C0D-A473-4827-A5EF-2FE98CC4E477}.Debug|Any CPU.Build.0 = Debug|Any CPU
		{16AF9C0D-A473-4827-A5EF-2FE98CC4E477}.Release|Any CPU.ActiveCfg = Release|Any CPU
		{16AF9C0D-A473-4827-A5EF-2FE98CC4E477}.Release|Any CPU.Build.0 = Release|Any CPU
	EndGlobalSection
	GlobalSection(SolutionProperties) = preSolution
		HideSolutionNode = FALSE
	EndGlobalSection
	GlobalSection(ExtensibilityGlobals) = postSolution
		SolutionGuid = {63A35C46-7A9B-4C53-B732-C0D87D5D66E3}
	EndGlobalSection
EndGlobal
